{
  "requires": true,
  "lockfileVersion": 1,
  "dependencies": {
    "jQuery.print": {
      "version": "1.5.1",
      "resolved": "https://registry.npmjs.org/jQuery.print/-/jQuery.print-1.5.1.tgz",
      "integrity": "sha512-MtCjCojVEQlnrSBs1EPNisLuAHgopWr/hjePOxBFzbtjwOwHHRqby0BBcmRHUBD9iIwlqTbFbJ09b0YB9P/Yqw==",
      "requires": {
        "jquery": ">=1.7.2"
      }
    },
    "jquery": {
      "version": "3.6.0",
      "resolved": "https://registry.npmjs.org/jquery/-/jquery-3.6.0.tgz",
      "integrity": "sha512-JVzAR/AjBvVt2BmYhxRCSYysDsPcssdmTFnzyLEts9qNwmjmu4JTAMYubEfwVOSwpQ1I1sKKFcxhZCI2buerfw=="
    }
  }
}
